
Microsoft Visual Studio Solution File, Format Version 12.00
# Visual Studio 15
VisualStudioVersion = 15.0.27130.2036
MinimumVisualStudioVersion = 10.0.40219.1
Project("{FAE04EC0-301F-11D3-BF4B-00C04F79EFBC}") = "Clifton.Kademlia", "Clifton.Kademlia.csproj", "{09B2544A-C451-43CF-8BF0-7229601CF27B}"
EndProject
Project("{FAE04EC0-301F-11D3-BF4B-00C04F79EFBC}") = "KademliaDemo", "..\KademliaDemo\KademliaDemo.csproj", "{42D0550F-59F7-4631-B6F2-77669287CEF9}"
EndProject
Project("{FAE04EC0-301F-11D3-BF4B-00C04F79EFBC}") = "Clifton.Kademlia.Common", "..\Clifton.Kademlia.Common\Clifton.Kademlia.Common.csproj", "{01939341-C23F-4CE4-91D3-26F6E5611DC2}"
EndProject
Project("{FAE04EC0-301F-11D3-BF4B-00C04F79EFBC}") = "Clifton.Kademlia.Protocols", "..\Clifton.Kademlia.Protocols\Clifton.Kademlia.Protocols.csproj", "{AF70116A-C62F-48B8-8AAC-C079F068BF3D}"
EndProject
Project("{FAE04EC0-301F-11D3-BF4B-00C04F79EFBC}") = "Clifton.Kademlia.UnitTests", "..\Clifton.Kademlia.UnitTests\Clifton.Kademlia.UnitTests.csproj", "{CA3D2A92-DBB3-4C27-A4D2-B58B2A59B40C}"
EndProject
Global
	GlobalSection(SolutionConfigurationPlatforms) = preSolution
		Debug|Any CPU = Debug|Any CPU
		Release|Any CPU = Release|Any CPU
	EndGlobalSection
	GlobalSection(ProjectConfigurationPlatforms) = postSolution
		{09B2544A-C451-43CF-8BF0-7229601CF27B}.Debug|Any CPU.ActiveCfg = Debug|Any CPU
		{09B2544A-C451-43CF-8BF0-7229601CF27B}.Debug|Any CPU.Build.0 = Debug|Any CPU
		{09B2544A-C451-43CF-8BF0-7229601CF27B}.Release|Any CPU.ActiveCfg = Release|Any CPU
		{42D0550F-59F7-4631-B6F2-77669287CEF9}.Debug|Any CPU.ActiveCfg = Debug|Any CPU
		{42D0550F-59F7-4631-B6F2-77669287CEF9}.Debug|Any CPU.Build.0 = Debug|Any CPU
		{42D0550F-59F7-4631-B6F2-77669287CEF9}.Release|Any CPU.ActiveCfg = Release|Any CPU
		{42D0550F-59F7-4631-B6F2-77669287CEF9}.Release|Any CPU.Build.0 = Release|Any CPU
		{01939341-C23F-4CE4-91D3-26F6E5611DC2}.Debug|Any CPU.ActiveCfg = Debug|Any CPU
		{01939341-C23F-4CE4-91D3-26F6E5611DC2}.Debug|Any CPU.Build.0 = Debug|Any CPU
		{01939341-C23F-4CE4-91D3-26F6E5611DC2}.Release|Any CPU.ActiveCfg = Release|Any CPU
		{01939341-C23F-4CE4-91D3-26F6E5611DC2}.Release|Any CPU.Build.0 = Release|Any CPU
		{AF70116A-C62F-48B8-8AAC-C079F068BF3D}.Debug|Any CPU.ActiveCfg = Debug|Any CPU
		{AF70116A-C62F-48B8-8AAC-C079F068BF3D}.Debug|Any CPU.Build.0 = Debug|Any CPU
		{AF70116A-C62F-48B8-8AAC-C079F068BF3D}.Release|Any CPU.ActiveCfg = Release|Any CPU
		{AF70116A-C62F-48B8-8AAC-C079F068BF3D}.Release|Any CPU.Build.0 = Release|Any CPU
		{CA3D2A92-DBB3-4C27-A4D2-B58B2A59B40C}.Debug|Any CPU.ActiveCfg = Debug|Any CPU
		{CA3D2A92-DBB3-4C27-A4D2-B58B2A59B40C}.Debug|Any CPU.Build.0 = Debug|Any CPU
		{CA3D2A92-DBB3-4C27-A4D2-B58B2A59B40C}.Release|Any CPU.ActiveCfg = Release|Any CPU
		{CA3D2A92-DBB3-4C27-A4D2-B58B2A59B40C}.Release|Any CPU.Build.0 = Release|Any CPU
	EndGlobalSection
	GlobalSection(SolutionProperties) = preSolution
		HideSolutionNode = FALSE
	EndGlobalSection
	GlobalSection(ExtensibilityGlobals) = postSolution
		SolutionGuid = {EC415702-AF45-43D5-AF46-3392E1FD399A}
	EndGlobalSection
EndGlobal
